
Microsoft Visual Studio Solution File, Format Version 12.00
# Visual Studio Version 17
VisualStudioVersion = 17.3.32825.248
MinimumVisualStudioVersion = 10.0.40219.1
Project("{9A19103F-16F7-4668-BE54-9A1E7A4F7556}") = "WebExplorer", "WebExplorer\WebExplorer.csproj", "{9BB52F49-5734-4320-9DDC-51281EB1A78A}"
EndProject
Project("{9A19103F-16F7-4668-BE54-9A1E7A4F7556}") = "SamplesLibrary", "SamplesLibrary\SamplesLibrary.csproj", "{2AFEB7EE-9DBB-4EDA-A8EF-F3118B5C6CE2}"
EndProject
Global
	GlobalSection(SolutionConfigurationPlatforms) = preSolution
		Debug|Any CPU = Debug|Any CPU
		Release|Any CPU = Release|Any CPU
	EndGlobalSection
	GlobalSection(ProjectConfigurationPlatforms) = postSolution
		{9BB52F49-5734-4320-9DDC-51281EB1A78A}.Debug|Any CPU.ActiveCfg = Debug|Any CPU
		{9BB52F49-5734-4320-9DDC-51281EB1A78A}.Debug|Any CPU.Build.0 = Debug|Any CPU
		{9BB52F49-5734-4320-9DDC-51281EB1A78A}.Release|Any CPU.ActiveCfg = Release|Any CPU
		{9BB52F49-5734-4320-9DDC-51281EB1A78A}.Release|Any CPU.Build.0 = Release|Any CPU
		{2AFEB7EE-9DBB-4EDA-A8EF-F3118B5C6CE2}.Debug|Any CPU.ActiveCfg = Debug|Any CPU
		{2AFEB7EE-9DBB-4EDA-A8EF-F3118B5C6CE2}.Debug|Any CPU.Build.0 = Debug|Any CPU
		{2AFEB7EE-9DBB-4EDA-A8EF-F3118B5C6CE2}.Release|Any CPU.ActiveCfg = Release|Any CPU
		{2AFEB7EE-9DBB-4EDA-A8EF-F3118B5C6CE2}.Release|Any CPU.Build.0 = Release|Any CPU
	EndGlobalSection
	GlobalSection(SolutionProperties) = preSolution
		HideSolutionNode = FALSE
	EndGlobalSection
	GlobalSection(ExtensibilityGlobals) = postSolution
		SolutionGuid = {BC42E2A2-05A4-4F0C-98F4-C4D9D01B9F4A}
	EndGlobalSection
EndGlobal
