
Microsoft Visual Studio Solution File, Format Version 12.00
# Visual Studio Version 17
VisualStudioVersion = 17.3.32825.248
MinimumVisualStudioVersion = 10.0.40219.1
Project("{9A19103F-16F7-4668-BE54-9A1E7A4F7556}") = "SamplesLibrary", "..\SamplesLibrary\SamplesLibrary.csproj", "{D0CE3994-D358-4ED9-88CE-E42FFA7B9A01}"
EndProject
Project("{9A19103F-16F7-4668-BE54-9A1E7A4F7556}") = "WPFExplorer", "WpfExplorer\WPFExplorer.csproj", "{D32E1639-D10F-4251-8CBC-C4443BC3BAB0}"
EndProject
Global
	GlobalSection(SolutionConfigurationPlatforms) = preSolution
		Debug|Any CPU = Debug|Any CPU
		Release|Any CPU = Release|Any CPU
	EndGlobalSection
	GlobalSection(ProjectConfigurationPlatforms) = postSolution
		{D0CE3994-D358-4ED9-88CE-E42FFA7B9A01}.Debug|Any CPU.ActiveCfg = Debug|Any CPU
		{D0CE3994-D358-4ED9-88CE-E42FFA7B9A01}.Debug|Any CPU.Build.0 = Debug|Any CPU
		{D0CE3994-D358-4ED9-88CE-E42FFA7B9A01}.Release|Any CPU.ActiveCfg = Release|Any CPU
		{D0CE3994-D358-4ED9-88CE-E42FFA7B9A01}.Release|Any CPU.Build.0 = Release|Any CPU
		{D32E1639-D10F-4251-8CBC-C4443BC3BAB0}.Debug|Any CPU.ActiveCfg = Debug|Any CPU
		{D32E1639-D10F-4251-8CBC-C4443BC3BAB0}.Debug|Any CPU.Build.0 = Debug|Any CPU
		{D32E1639-D10F-4251-8CBC-C4443BC3BAB0}.Release|Any CPU.ActiveCfg = Release|Any CPU
		{D32E1639-D10F-4251-8CBC-C4443BC3BAB0}.Release|Any CPU.Build.0 = Release|Any CPU
	EndGlobalSection
	GlobalSection(SolutionProperties) = preSolution
		HideSolutionNode = FALSE
	EndGlobalSection
	GlobalSection(ExtensibilityGlobals) = postSolution
		SolutionGuid = {17C95DAD-501A-45BD-B9FD-F5557F431B03}
	EndGlobalSection
EndGlobal
