
Microsoft Visual Studio Solution File, Format Version 12.00
# Visual Studio Version 17
VisualStudioVersion = 17.3.32825.248
MinimumVisualStudioVersion = 10.0.40219.1
Project("{9A19103F-16F7-4668-BE54-9A1E7A4F7556}") = "WebExplorer", "WebExplorer\WebExplorer.csproj", "{9BB52F49-5734-4320-9DDC-51281EB1A78A}"
EndProject
Project("{9A19103F-16F7-4668-BE54-9A1E7A4F7556}") = "SamplesLibrary", "..\SamplesLibrary\SamplesLibrary.csproj", "{8AE95766-4928-46F5-8FD1-A40A4E9408BF}"
EndProject
Global
	GlobalSection(SolutionConfigurationPlatforms) = preSolution
		Debug|Any CPU = Debug|Any CPU
		Release|Any CPU = Release|Any CPU
	EndGlobalSection
	GlobalSection(ProjectConfigurationPlatforms) = postSolution
		{9BB52F49-5734-4320-9DDC-51281EB1A78A}.Debug|Any CPU.ActiveCfg = Debug|Any CPU
		{9BB52F49-5734-4320-9DDC-51281EB1A78A}.Debug|Any CPU.Build.0 = Debug|Any CPU
		{9BB52F49-5734-4320-9DDC-51281EB1A78A}.Release|Any CPU.ActiveCfg = Release|Any CPU
		{9BB52F49-5734-4320-9DDC-51281EB1A78A}.Release|Any CPU.Build.0 = Release|Any CPU
		{8AE95766-4928-46F5-8FD1-A40A4E9408BF}.Debug|Any CPU.ActiveCfg = Debug|Any CPU
		{8AE95766-4928-46F5-8FD1-A40A4E9408BF}.Debug|Any CPU.Build.0 = Debug|Any CPU
		{8AE95766-4928-46F5-8FD1-A40A4E9408BF}.Release|Any CPU.ActiveCfg = Release|Any CPU
		{8AE95766-4928-46F5-8FD1-A40A4E9408BF}.Release|Any CPU.Build.0 = Release|Any CPU
	EndGlobalSection
	GlobalSection(SolutionProperties) = preSolution
		HideSolutionNode = FALSE
	EndGlobalSection
	GlobalSection(ExtensibilityGlobals) = postSolution
		SolutionGuid = {BC42E2A2-05A4-4F0C-98F4-C4D9D01B9F4A}
	EndGlobalSection
EndGlobal
